
Microsoft Visual Studio Solution File, Format Version 12.00
# Visual Studio Version 17
VisualStudioVersion = 17.0.31903.59
MinimumVisualStudioVersion = 10.0.40219.1
Project("{FAE04EC0-301F-11D3-BF4B-00C04F79EFBC}") = "API", "API\API.csproj", "{C90526DA-6968-4424-ADF3-1E54F68964E0}"
EndProject
Project("{FAE04EC0-301F-11D3-BF4B-00C04F79EFBC}") = "Contracts", "Contracts\Contracts.csproj", "{85973483-58FD-4357-A763-AAE78A04BF68}"
EndProject
Project("{FAE04EC0-301F-11D3-BF4B-00C04F79EFBC}") = "Service.Logger", "Service.Logger\Service.Logger.csproj", "{3C12A146-FD58-4158-87F1-1C7D745BDAF3}"
EndProject
Project("{FAE04EC0-301F-11D3-BF4B-00C04F79EFBC}") = "Entities", "Entities\Entities.csproj", "{4CCBC8E3-2A47-4915-AAA9-BB8C7BB7D161}"
EndProject
Project("{FAE04EC0-301F-11D3-BF4B-00C04F79EFBC}") = "Repository", "Repository\Repository.csproj", "{E5B487D4-199E-4FA3-A9E9-53AF3A7D19BC}"
EndProject
Project("{FAE04EC0-301F-11D3-BF4B-00C04F79EFBC}") = "Service.Contracts", "Service.Contracts\Service.Contracts.csproj", "{CF8B6319-9E16-42FD-8D06-CB29CCFF0650}"
EndProject
Global
	GlobalSection(SolutionConfigurationPlatforms) = preSolution
		Debug|Any CPU = Debug|Any CPU
		Release|Any CPU = Release|Any CPU
	EndGlobalSection
	GlobalSection(SolutionProperties) = preSolution
		HideSolutionNode = FALSE
	EndGlobalSection
	GlobalSection(ProjectConfigurationPlatforms) = postSolution
		{C90526DA-6968-4424-ADF3-1E54F68964E0}.Debug|Any CPU.ActiveCfg = Debug|Any CPU
		{C90526DA-6968-4424-ADF3-1E54F68964E0}.Debug|Any CPU.Build.0 = Debug|Any CPU
		{C90526DA-6968-4424-ADF3-1E54F68964E0}.Release|Any CPU.ActiveCfg = Release|Any CPU
		{C90526DA-6968-4424-ADF3-1E54F68964E0}.Release|Any CPU.Build.0 = Release|Any CPU
		{85973483-58FD-4357-A763-AAE78A04BF68}.Debug|Any CPU.ActiveCfg = Debug|Any CPU
		{85973483-58FD-4357-A763-AAE78A04BF68}.Debug|Any CPU.Build.0 = Debug|Any CPU
		{85973483-58FD-4357-A763-AAE78A04BF68}.Release|Any CPU.ActiveCfg = Release|Any CPU
		{85973483-58FD-4357-A763-AAE78A04BF68}.Release|Any CPU.Build.0 = Release|Any CPU
		{3C12A146-FD58-4158-87F1-1C7D745BDAF3}.Debug|Any CPU.ActiveCfg = Debug|Any CPU
		{3C12A146-FD58-4158-87F1-1C7D745BDAF3}.Debug|Any CPU.Build.0 = Debug|Any CPU
		{3C12A146-FD58-4158-87F1-1C7D745BDAF3}.Release|Any CPU.ActiveCfg = Release|Any CPU
		{3C12A146-FD58-4158-87F1-1C7D745BDAF3}.Release|Any CPU.Build.0 = Release|Any CPU
		{4CCBC8E3-2A47-4915-AAA9-BB8C7BB7D161}.Debug|Any CPU.ActiveCfg = Debug|Any CPU
		{4CCBC8E3-2A47-4915-AAA9-BB8C7BB7D161}.Debug|Any CPU.Build.0 = Debug|Any CPU
		{4CCBC8E3-2A47-4915-AAA9-BB8C7BB7D161}.Release|Any CPU.ActiveCfg = Release|Any CPU
		{4CCBC8E3-2A47-4915-AAA9-BB8C7BB7D161}.Release|Any CPU.Build.0 = Release|Any CPU
		{E5B487D4-199E-4FA3-A9E9-53AF3A7D19BC}.Debug|Any CPU.ActiveCfg = Debug|Any CPU
		{E5B487D4-199E-4FA3-A9E9-53AF3A7D19BC}.Debug|Any CPU.Build.0 = Debug|Any CPU
		{E5B487D4-199E-4FA3-A9E9-53AF3A7D19BC}.Release|Any CPU.ActiveCfg = Release|Any CPU
		{E5B487D4-199E-4FA3-A9E9-53AF3A7D19BC}.Release|Any CPU.Build.0 = Release|Any CPU
		{CF8B6319-9E16-42FD-8D06-CB29CCFF0650}.Debug|Any CPU.ActiveCfg = Debug|Any CPU
		{CF8B6319-9E16-42FD-8D06-CB29CCFF0650}.Debug|Any CPU.Build.0 = Debug|Any CPU
		{CF8B6319-9E16-42FD-8D06-CB29CCFF0650}.Release|Any CPU.ActiveCfg = Release|Any CPU
		{CF8B6319-9E16-42FD-8D06-CB29CCFF0650}.Release|Any CPU.Build.0 = Release|Any CPU
	EndGlobalSection
EndGlobal
